
Microsoft Visual Studio Solution File, Format Version 12.00
# Visual Studio Version 17
VisualStudioVersion = 17.5.002.0
MinimumVisualStudioVersion = 10.0.40219.1
Project("{9A19103F-16F7-4668-BE54-9A1E7A4F7556}") = "controleDeContactos", "controleDeContactos.csproj", "{8FF645A1-398D-4604-92C8-0F03D9BCF103}"
EndProject
Global
	GlobalSection(SolutionConfigurationPlatforms) = preSolution
		Debug|Any CPU = Debug|Any CPU
		Release|Any CPU = Release|Any CPU
	EndGlobalSection
	GlobalSection(ProjectConfigurationPlatforms) = postSolution
		{8FF645A1-398D-4604-92C8-0F03D9BCF103}.Debug|Any CPU.ActiveCfg = Debug|Any CPU
		{8FF645A1-398D-4604-92C8-0F03D9BCF103}.Debug|Any CPU.Build.0 = Debug|Any CPU
		{8FF645A1-398D-4604-92C8-0F03D9BCF103}.Release|Any CPU.ActiveCfg = Release|Any CPU
		{8FF645A1-398D-4604-92C8-0F03D9BCF103}.Release|Any CPU.Build.0 = Release|Any CPU
	EndGlobalSection
	GlobalSection(SolutionProperties) = preSolution
		HideSolutionNode = FALSE
	EndGlobalSection
	GlobalSection(ExtensibilityGlobals) = postSolution
		SolutionGuid = {E497F8AE-8205-4E19-9F98-DF15B9BC0F4E}
	EndGlobalSection
EndGlobal
